#include("archetype-resources/__moepath__/xcode/ios.xcodeproj/project_1.txt")
				PRODUCT_BUNDLE_IDENTIFIER = ${groupId}.${artifactId}-Test;
				PRODUCT_NAME = ${artifactId}-Test;
#include("archetype-resources/__moepath__/xcode/ios.xcodeproj/project_2.txt")
				PRODUCT_BUNDLE_IDENTIFIER = ${groupId}.${artifactId};
				PRODUCT_NAME = ${artifactId};
#include("archetype-resources/__moepath__/xcode/ios.xcodeproj/project_3.txt")
				PRODUCT_BUNDLE_IDENTIFIER = ${groupId}.${artifactId}-Test;
				PRODUCT_NAME = ${artifactId}-Test;
#include("archetype-resources/__moepath__/xcode/ios.xcodeproj/project_4.txt")
				PRODUCT_BUNDLE_IDENTIFIER = ${groupId}.${artifactId};
				PRODUCT_NAME = ${artifactId};
#include("archetype-resources/__moepath__/xcode/ios.xcodeproj/project_5.txt")
